{
  "name": "uptec_logger",
  "version": "1.0.4",
  "lockfileVersion": 1,
  "requires": true,
  "dependencies": {
    "dayjs": {
      "version": "1.10.2",
      "resolved": "https://registry.npmjs.org/dayjs/-/dayjs-1.10.2.tgz",
      "integrity": "sha512-h/YtykNNTR8Qgtd1Fxl5J1/SFP1b7SOk/M1P+Re+bCdFMV0IMkuKNgHPN7rlvvuhfw24w0LX78iYKt4YmePJNQ=="
    },
    "get-caller-file": {
      "version": "2.0.5",
      "resolved": "https://registry.npmjs.org/get-caller-file/-/get-caller-file-2.0.5.tgz",
      "integrity": "sha512-DyFP3BM/3YHTQOCUL/w0OZHR0lpKeGrxotcHWcqNEdnltqFwXVfhEBQ94eIo34AfQpo0rGki4cyIiftY06h2Fg=="
    }
  }
}
